
Microsoft Visual Studio Solution File, Format Version 12.00
# Visual Studio Version 16
VisualStudioVersion = 16.0.29102.190
MinimumVisualStudioVersion = 10.0.40219.1
Project("{FAE04EC0-301F-11D3-BF4B-00C04F79EFBC}") = "Ejemplo_Ciclos", "Ejemplo_Ciclos.csproj", "{A27DFE19-9463-405B-A297-0A2D33518A7F}"
EndProject
Global
	GlobalSection(SolutionConfigurationPlatforms) = preSolution
		Debug|Any CPU = Debug|Any CPU
		Release|Any CPU = Release|Any CPU
	EndGlobalSection
	GlobalSection(ProjectConfigurationPlatforms) = postSolution
		{A27DFE19-9463-405B-A297-0A2D33518A7F}.Debug|Any CPU.ActiveCfg = Debug|Any CPU
		{A27DFE19-9463-405B-A297-0A2D33518A7F}.Debug|Any CPU.Build.0 = Debug|Any CPU
		{A27DFE19-9463-405B-A297-0A2D33518A7F}.Release|Any CPU.ActiveCfg = Release|Any CPU
		{A27DFE19-9463-405B-A297-0A2D33518A7F}.Release|Any CPU.Build.0 = Release|Any CPU
	EndGlobalSection
	GlobalSection(SolutionProperties) = preSolution
		HideSolutionNode = FALSE
	EndGlobalSection
	GlobalSection(ExtensibilityGlobals) = postSolution
		SolutionGuid = {08A2FAD1-EFB7-4573-A6C9-4CAC156EEEE5}
	EndGlobalSection
EndGlobal
